<Solution>
  <Project Path="TrainingAndAssessmentConsoleApp/TrainingAndAssessmentConsoleApp.csproj" />
  <Project Path="TrainingAndAssessmentDataAccessLayer/TrainingAndAssessmentDataAccessLayer.csproj" />
  <Project Path="TrainingAndAssessmentWebAPI/TrainingAndAssessmentWebAPI.csproj" />
</Solution>
